
Microsoft Visual Studio Solution File, Format Version 12.00
# Visual Studio Version 17
VisualStudioVersion = 17.9.34728.123
MinimumVisualStudioVersion = 10.0.40219.1
Project("{6EC3EE1D-3C4E-46DD-8F32-0CC8E7565705}") = "aestas", "aestas.fsproj", "{E2372848-E7AC-4ABB-878A-DA5572ADA313}"
EndProject
Project("{9A19103F-16F7-4668-BE54-9A1E7A4F7556}") = "Lagrange.Core", "ref\Lagrange.Core\Lagrange.Core\Lagrange.Core.csproj", "{4A6122C7-2032-4361-ABDC-CBBC381C044A}"
EndProject
Global
	GlobalSection(SolutionConfigurationPlatforms) = preSolution
		Debug|Any CPU = Debug|Any CPU
		Release|Any CPU = Release|Any CPU
	EndGlobalSection
	GlobalSection(ProjectConfigurationPlatforms) = postSolution
		{E2372848-E7AC-4ABB-878A-DA5572ADA313}.Debug|Any CPU.ActiveCfg = Debug|Any CPU
		{E2372848-E7AC-4ABB-878A-DA5572ADA313}.Debug|Any CPU.Build.0 = Debug|Any CPU
		{E2372848-E7AC-4ABB-878A-DA5572ADA313}.Release|Any CPU.ActiveCfg = Release|Any CPU
		{E2372848-E7AC-4ABB-878A-DA5572ADA313}.Release|Any CPU.Build.0 = Release|Any CPU
		{4A6122C7-2032-4361-ABDC-CBBC381C044A}.Debug|Any CPU.ActiveCfg = Debug|Any CPU
		{4A6122C7-2032-4361-ABDC-CBBC381C044A}.Debug|Any CPU.Build.0 = Debug|Any CPU
		{4A6122C7-2032-4361-ABDC-CBBC381C044A}.Release|Any CPU.ActiveCfg = Release|Any CPU
		{4A6122C7-2032-4361-ABDC-CBBC381C044A}.Release|Any CPU.Build.0 = Release|Any CPU
	EndGlobalSection
	GlobalSection(SolutionProperties) = preSolution
		HideSolutionNode = FALSE
	EndGlobalSection
	GlobalSection(ExtensibilityGlobals) = postSolution
		SolutionGuid = {20A1FF3F-030B-4D12-AF7C-4EB1D2926B3D}
	EndGlobalSection
EndGlobal
